{
  "name": "mlab-available-isps",
  "version": "1.0.0",
  "lockfileVersion": 1,
  "requires": true,
  "dependencies": {
    "assertion-error": {
      "version": "1.0.2",
      "resolved": "https://registry.npmjs.org/assertion-error/-/assertion-error-1.0.2.tgz",
      "integrity": "sha1-E8pRXYYgbaC6xm6DTdOX2HWBCUw="
    },
    "chai": {
      "version": "4.1.2",
      "resolved": "https://registry.npmjs.org/chai/-/chai-4.1.2.tgz",
      "integrity": "sha1-D2RYS6ZC8PKs4oBiefTwbKI61zw=",
      "requires": {
        "assertion-error": "1.0.2",
        "check-error": "1.0.2",
        "deep-eql": "3.0.0",
        "get-func-name": "2.0.0",
        "pathval": "1.1.0",
        "type-detect": "4.0.3"
      }
    },
    "check-error": {
      "version": "1.0.2",
      "resolved": "https://registry.npmjs.org/check-error/-/check-error-1.0.2.tgz",
      "integrity": "sha1-V00xLt2Iu13YkS6Sht1sCu1KrII="
    },
    "deep-eql": {
      "version": "3.0.0",
      "resolved": "https://registry.npmjs.org/deep-eql/-/deep-eql-3.0.0.tgz",
      "integrity": "sha512-9zef2MtjASSE1Pts2Nm6Yh5MTVdVh+s4Qt/e+jPV6qTBhqTc0WOEaWnLvLKGxky0gwZGmcY6TnUqyCD6fNs5Lg==",
      "requires": {
        "type-detect": "4.0.3"
      }
    },
    "diff": {
      "version": "3.3.1",
      "resolved": "https://registry.npmjs.org/diff/-/diff-3.3.1.tgz",
      "integrity": "sha512-MKPHZDMB0o6yHyDryUOScqZibp914ksXwAMYMTHj6KO8UeKsRYNJD3oNCKjTqZon+V488P7N/HzXF8t7ZR95ww=="
    },
    "formatio": {
      "version": "1.2.0",
      "resolved": "https://registry.npmjs.org/formatio/-/formatio-1.2.0.tgz",
      "integrity": "sha1-87IWfZBoxGmKjVH092CjmlTYGOs=",
      "requires": {
        "samsam": "1.2.1"
      }
    },
    "get-func-name": {
      "version": "2.0.0",
      "resolved": "https://registry.npmjs.org/get-func-name/-/get-func-name-2.0.0.tgz",
      "integrity": "sha1-6td0q+5y4gQJQzoGY2YCPdaIekE="
    },
    "isarray": {
      "version": "0.0.1",
      "resolved": "https://registry.npmjs.org/isarray/-/isarray-0.0.1.tgz",
      "integrity": "sha1-ihis/Kmo9Bd+Cav8YDiTmwXR7t8="
    },
    "just-extend": {
      "version": "1.1.22",
      "resolved": "https://registry.npmjs.org/just-extend/-/just-extend-1.1.22.tgz",
      "integrity": "sha1-MzCvdWyralQnAMZLLk5KoGLVL/8="
    },
    "lolex": {
      "version": "2.1.2",
      "resolved": "https://registry.npmjs.org/lolex/-/lolex-2.1.2.tgz",
      "integrity": "sha1-JpS5U8nqTQE+W4v7qJHJkQJbJik="
    },
    "native-promise-only": {
      "version": "0.8.1",
      "resolved": "https://registry.npmjs.org/native-promise-only/-/native-promise-only-0.8.1.tgz",
      "integrity": "sha1-IKMYwwy0X3H+et+/eyHJnBRy7xE="
    },
    "nise": {
      "version": "1.0.1",
      "resolved": "https://registry.npmjs.org/nise/-/nise-1.0.1.tgz",
      "integrity": "sha1-DakrEKhU6XwPSW9sKEWjASgLPu8=",
      "requires": {
        "formatio": "1.2.0",
        "just-extend": "1.1.22",
        "lolex": "1.6.0",
        "path-to-regexp": "1.7.0"
      },
      "dependencies": {
        "lolex": {
          "version": "1.6.0",
          "resolved": "https://registry.npmjs.org/lolex/-/lolex-1.6.0.tgz",
          "integrity": "sha1-OpoCg0UqR9dDnnJzG54H1zhuSfY="
        }
      }
    },
    "path-to-regexp": {
      "version": "1.7.0",
      "resolved": "https://registry.npmjs.org/path-to-regexp/-/path-to-regexp-1.7.0.tgz",
      "integrity": "sha1-Wf3g9DW62suhA6hOnTvGTpa5k30=",
      "requires": {
        "isarray": "0.0.1"
      }
    },
    "pathval": {
      "version": "1.1.0",
      "resolved": "https://registry.npmjs.org/pathval/-/pathval-1.1.0.tgz",
      "integrity": "sha1-uULm1L3mUwBe9rcTYd74cn0GReA="
    },
    "samsam": {
      "version": "1.2.1",
      "resolved": "https://registry.npmjs.org/samsam/-/samsam-1.2.1.tgz",
      "integrity": "sha1-7dOQk6MYQ3DLhZJDsr3yVefY6mc="
    },
    "sinon": {
      "version": "3.2.1",
      "resolved": "https://registry.npmjs.org/sinon/-/sinon-3.2.1.tgz",
      "integrity": "sha512-KY3OLOWpek/I4NGAMHetuutVgS2aRgMR5g5/1LSYvPJ3qo2BopIvk3esFztPxF40RWf/NNNJzdFPriSkXUVK3A==",
      "requires": {
        "diff": "3.3.1",
        "formatio": "1.2.0",
        "lolex": "2.1.2",
        "native-promise-only": "0.8.1",
        "nise": "1.0.1",
        "path-to-regexp": "1.7.0",
        "samsam": "1.2.1",
        "text-encoding": "0.6.4",
        "type-detect": "4.0.3"
      }
    },
    "text-encoding": {
      "version": "0.6.4",
      "resolved": "https://registry.npmjs.org/text-encoding/-/text-encoding-0.6.4.tgz",
      "integrity": "sha1-45mpgiV6J22uQou5KEXLcb3CbRk="
    },
    "type-detect": {
      "version": "4.0.3",
      "resolved": "https://registry.npmjs.org/type-detect/-/type-detect-4.0.3.tgz",
      "integrity": "sha1-Dj8mcLRAmbC0bChNE2p+9Jx0wuo="
    }
  }
}
